<?xml version="1.0" encoding="utf-8"?>
<Project ToolsVersion="4.0" xmlns="http://schemas.microsoft.com/developer/msbuild/2003">
  <ItemGroup>
    <Filter Include="Source Files">
      <UniqueIdentifier>{4FC737F1-C7A5-4376-A066-2A32D752A2FF}</UniqueIdentifier>
      <Extensions>cpp;c;cc;cxx;c++;cppm;ixx;def;odl;idl;hpj;bat;asm;asmx</Extensions>
    </Filter>
    <Filter Include="Header Files">
      <UniqueIdentifier>{93995380-89BD-4b04-88EB-625FBE52EBFB}</UniqueIdentifier>
      <Extensions>h;hh;hpp;hxx;h++;hm;inl;inc;ipp;xsd</Extensions>
    </Filter>
    <Filter Include="Resource Files">
      <UniqueIdentifier>{67DA6AB6-F800-4c08-8B7A-83BB121AAD01}</UniqueIdentifier>
      <Extensions>rc;ico;cur;bmp;dlg;rc2;rct;bin;rgs;gif;jpg;jpeg;jpe;resx;tiff;tif;png;wav;mfcribbon-ms</Extensions>
    </Filter>
    <Filter Include="GameObjects">
      <UniqueIdentifier>{f201b05f-fe5e-4b92-bdee-5a6eb4f28ca3}</UniqueIdentifier>
    </Filter>
    <Filter Include="Cameras">
      <UniqueIdentifier>{2c8f512b-5704-4ac7-9047-80a4703691dd}</UniqueIdentifier>
    </Filter>
    <Filter Include="Lights">
      <UniqueIdentifier>{c1551edb-27ab-4895-a6d0-50177d4ab30b}</UniqueIdentifier>
    </Filter>
  </ItemGroup>
  <ItemGroup>
    <ClCompile Include="AVTmathLib.cpp">
      <Filter>Source Files</Filter>
    </ClCompile>
    <ClCompile Include="basic_geometry.cpp">
      <Filter>Source Files</Filter>
    </ClCompile>
    <ClCompile Include="vsShaderLib.cpp">
      <Filter>Source Files</Filter>
    </ClCompile>
    <ClCompile Include="Texture_Loader.cpp">
      <Filter>Source Files</Filter>
    </ClCompile>
    <ClCompile Include="MainFile.cpp">
      <Filter>Source Files</Filter>
    </ClCompile>
    <ClCompile Include="avtFreeType.cpp">
      <Filter>Source Files</Filter>
    </ClCompile>
    <ClCompile Include="GameObjects\Table.cpp">
      <Filter>GameObjects</Filter>
    </ClCompile>
    <ClCompile Include="TimeUtil.cpp">
      <Filter>Header Files</Filter>
    </ClCompile>
    <ClCompile Include="GameObjects\Cheerios.cpp">
      <Filter>GameObjects</Filter>
    </ClCompile>
    <ClCompile Include="GameObjects\Orange.cpp">
      <Filter>GameObjects</Filter>
    </ClCompile>
    <ClCompile Include="Camera\Camera.cpp">
      <Filter>Cameras</Filter>
    </ClCompile>
    <ClCompile Include="Camera\OrthographicCamera.cpp">
      <Filter>Cameras</Filter>
    </ClCompile>
    <ClCompile Include="Camera\PerspectiveCamera.cpp">
      <Filter>Cameras</Filter>
    </ClCompile>
    <ClCompile Include="Lights\DirectionalLight.cpp">
      <Filter>Lights</Filter>
    </ClCompile>
    <ClCompile Include="Lights\Light.cpp">
      <Filter>Lights</Filter>
    </ClCompile>
    <ClCompile Include="Lights\PointLight.cpp">
      <Filter>Lights</Filter>
    </ClCompile>
    <ClCompile Include="Lights\SpotLight.cpp">
      <Filter>Lights</Filter>
    </ClCompile>
    <ClCompile Include="GameObjects\Car.cpp">
      <Filter>GameObjects</Filter>
    </ClCompile>
    <ClCompile Include="GameHudManager.cpp">
      <Filter>Source Files</Filter>
    </ClCompile>
    <ClCompile Include="GameObjects\Billboard.cpp">
      <Filter>GameObjects</Filter>
    </ClCompile>
    <ClCompile Include="l3dBillboard.cpp">
      <Filter>Source Files</Filter>
    </ClCompile>
  </ItemGroup>
  <ItemGroup>
    <ClInclude Include="AVTmathLib.h">
      <Filter>Header Files</Filter>
    </ClInclude>
    <ClInclude Include="cube.h">
      <Filter>Header Files</Filter>
    </ClInclude>
    <ClInclude Include="VertexAttrDef.h">
      <Filter>Header Files</Filter>
    </ClInclude>
    <ClInclude Include="vsShaderLib.h">
      <Filter>Header Files</Filter>
    </ClInclude>
    <ClInclude Include="Texture_Loader.h">
      <Filter>Header Files</Filter>
    </ClInclude>
    <ClInclude Include="geometry.h">
      <Filter>Header Files</Filter>
    </ClInclude>
    <ClInclude Include="ft2build.h">
      <Filter>Header Files</Filter>
    </ClInclude>
    <ClInclude Include="avtFreeType.h">
      <Filter>Header Files</Filter>
    </ClInclude>
    <ClInclude Include="GameObjects\Table.h">
      <Filter>GameObjects</Filter>
    </ClInclude>
    <ClInclude Include="GameObjects\GameObject3D.h">
      <Filter>GameObjects</Filter>
    </ClInclude>
    <ClInclude Include="TimeUtil.h">
      <Filter>Header Files</Filter>
    </ClInclude>
    <ClInclude Include="GameObjects\Cheerios.h">
      <Filter>GameObjects</Filter>
    </ClInclude>
    <ClInclude Include="GameObjects\Orange.h">
      <Filter>GameObjects</Filter>
    </ClInclude>
    <ClInclude Include="Camera\Camera.h">
      <Filter>Cameras</Filter>
    </ClInclude>
    <ClInclude Include="Camera\OrthographicCamera.h">
      <Filter>Cameras</Filter>
    </ClInclude>
    <ClInclude Include="Camera\PerspectiveCamera.h">
      <Filter>Cameras</Filter>
    </ClInclude>
    <ClInclude Include="Lights\DirectionalLight.h">
      <Filter>Lights</Filter>
    </ClInclude>
    <ClInclude Include="Lights\Light.h">
      <Filter>Lights</Filter>
    </ClInclude>
    <ClInclude Include="Lights\PointLight.h">
      <Filter>Lights</Filter>
    </ClInclude>
    <ClInclude Include="Lights\SpotLight.h">
      <Filter>Lights</Filter>
    </ClInclude>
    <ClInclude Include="GameObjects\Car.h">
      <Filter>GameObjects</Filter>
    </ClInclude>
    <ClInclude Include="GameHudManager.h">
      <Filter>Header Files</Filter>
    </ClInclude>
    <ClInclude Include="flare.h">
      <Filter>Header Files</Filter>
    </ClInclude>
    <ClInclude Include="GameObjects\Billboard.h">
      <Filter>GameObjects</Filter>
    </ClInclude>
    <ClInclude Include="l3DBillboard.h">
      <Filter>Header Files</Filter>
    </ClInclude>
  </ItemGroup>
  <ItemGroup>
    <None Include="shaders\pointlight.frag">
      <Filter>Resource Files</Filter>
    </None>
    <None Include="shaders\pointlight.vert">
      <Filter>Resource Files</Filter>
    </None>
    <None Include="Dependencies.exe" />
    <None Include="shaders\text.frag">
      <Filter>Resource Files</Filter>
    </None>
    <None Include="shaders\text.vert">
      <Filter>Resource Files</Filter>
    </None>
  </ItemGroup>
  <ItemGroup>
    <Image Include="stone.tga" />
    <Image Include="crcl.tga" />
    <Image Include="flar.tga" />
    <Image Include="hxgn.tga" />
    <Image Include="ring.tga" />
    <Image Include="sun.tga" />
  </ItemGroup>
  <ItemGroup>
    <Text Include="flare.txt" />
  </ItemGroup>
</Project>